Microsoft Visual Studio Solution File, Format Version 12.00
# Visual Studio Version 17
VisualStudioVersion = 17.5.002.0
MinimumVisualStudioVersion = 10.0.40219.1
Project("{9A19103F-16F7-4668-BE54-9A1E7A4F7556}") = "Movie Booking", "Movie Booking.csproj", "{39723FE1-6C72-41E6-A0E1-DBC221E03F8A}"
EndProject

Global
	GlobalSection(SolutionConfigurationPlatforms) = preSolution
		Debug|Any CPU = Debug|Any CPU
		Release|Any CPU = Release|Any CPU
	EndGlobalSection
	GlobalSection(ProjectConfigurationPlatforms) = postSolution
		{39723FE1-6C72-41E6-A0E1-DBC221E03F8A}.Debug|Any CPU.ActiveCfg = Debug|Any CPU
		{39723FE1-6C72-41E6-A0E1-DBC221E03F8A}.Debug|Any CPU.Build.0 = Debug|Any CPU
		{39723FE1-6C72-41E6-A0E1-DBC221E03F8A}.Release|Any CPU.ActiveCfg = Release|Any CPU
		{39723FE1-6C72-41E6-A0E1-DBC221E03F8A}.Release|Any CPU.Build.0 = Release|Any CPU
		{BA22A519-5880-4547-BAF5-0372E638FA9B}.Debug|Any CPU.ActiveCfg = Debug|Any CPU
		{BA22A519-5880-4547-BAF5-0372E638FA9B}.Debug|Any CPU.Build.0 = Debug|Any CPU
		{BA22A519-5880-4547-BAF5-0372E638FA9B}.Release|Any CPU.ActiveCfg = Release|Any CPU
		{BA22A519-5880-4547-BAF5-0372E638FA9B}.Release|Any CPU.Build.0 = Release|Any CPU
	EndGlobalSection
	GlobalSection(SolutionProperties) = preSolution
		HideSolutionNode = FALSE
	EndGlobalSection
	GlobalSection(ExtensibilityGlobals) = postSolution
		SolutionGuid = {B8010E3B-7AA0-4F2E-B052-8E184E849FFF}
	EndGlobalSection
EndGlobal
